
Microsoft Visual Studio Solution File, Format Version 12.00
# Visual Studio Version 16
VisualStudioVersion = 16.0.30907.101
MinimumVisualStudioVersion = 10.0.40219.1
Project("{9A19103F-16F7-4668-BE54-9A1E7A4F7556}") = "ClientsApi", "ClientsApi.csproj", "{7CA3628D-E464-44CF-9661-B0F1D9B4CB55}"
EndProject
Project("{FAE04EC0-301F-11D3-BF4B-00C04F79EFBC}") = "WebApp", "..\WebApp\WebApp.csproj", "{AB7CB194-4289-4C46-BABC-08CE1D17D0C9}"
EndProject
Global
	GlobalSection(SolutionConfigurationPlatforms) = preSolution
		Debug|Any CPU = Debug|Any CPU
		Release|Any CPU = Release|Any CPU
	EndGlobalSection
	GlobalSection(ProjectConfigurationPlatforms) = postSolution
		{7CA3628D-E464-44CF-9661-B0F1D9B4CB55}.Debug|Any CPU.ActiveCfg = Debug|Any CPU
		{7CA3628D-E464-44CF-9661-B0F1D9B4CB55}.Debug|Any CPU.Build.0 = Debug|Any CPU
		{7CA3628D-E464-44CF-9661-B0F1D9B4CB55}.Release|Any CPU.ActiveCfg = Release|Any CPU
		{7CA3628D-E464-44CF-9661-B0F1D9B4CB55}.Release|Any CPU.Build.0 = Release|Any CPU
		{AB7CB194-4289-4C46-BABC-08CE1D17D0C9}.Debug|Any CPU.ActiveCfg = Debug|Any CPU
		{AB7CB194-4289-4C46-BABC-08CE1D17D0C9}.Debug|Any CPU.Build.0 = Debug|Any CPU
		{AB7CB194-4289-4C46-BABC-08CE1D17D0C9}.Release|Any CPU.ActiveCfg = Release|Any CPU
		{AB7CB194-4289-4C46-BABC-08CE1D17D0C9}.Release|Any CPU.Build.0 = Release|Any CPU
	EndGlobalSection
	GlobalSection(SolutionProperties) = preSolution
		HideSolutionNode = FALSE
	EndGlobalSection
	GlobalSection(ExtensibilityGlobals) = postSolution
		SolutionGuid = {CBF09D83-BDCC-4E34-81E5-3705DDCC926F}
	EndGlobalSection
EndGlobal
